
Microsoft Visual Studio Solution File, Format Version 12.00
# Visual Studio Version 17
VisualStudioVersion = 17.7.34221.43
MinimumVisualStudioVersion = 10.0.40219.1
Project("{FAE04EC0-301F-11D3-BF4B-00C04F79EFBC}") = "FullStackTestDev", "FullStackTestDev.csproj", "{D464D662-6E91-498D-A848-79AA3DEB50CA}"
EndProject
Global
	GlobalSection(SolutionConfigurationPlatforms) = preSolution
		Debug|Any CPU = Debug|Any CPU
		Release|Any CPU = Release|Any CPU
	EndGlobalSection
	GlobalSection(ProjectConfigurationPlatforms) = postSolution
		{D464D662-6E91-498D-A848-79AA3DEB50CA}.Debug|Any CPU.ActiveCfg = Debug|Any CPU
		{D464D662-6E91-498D-A848-79AA3DEB50CA}.Debug|Any CPU.Build.0 = Debug|Any CPU
		{D464D662-6E91-498D-A848-79AA3DEB50CA}.Release|Any CPU.ActiveCfg = Release|Any CPU
		{D464D662-6E91-498D-A848-79AA3DEB50CA}.Release|Any CPU.Build.0 = Release|Any CPU
	EndGlobalSection
	GlobalSection(SolutionProperties) = preSolution
		HideSolutionNode = FALSE
	EndGlobalSection
	GlobalSection(ExtensibilityGlobals) = postSolution
		SolutionGuid = {4B09801B-29A6-4656-9E51-638FBED23844}
	EndGlobalSection
EndGlobal
